<?xml version="1.0" encoding="utf-8"?>
<Project ToolsVersion="4.0" xmlns="http://schemas.microsoft.com/developer/msbuild/2003">
  <ItemGroup>
    <Filter Include="Source Files">
      <UniqueIdentifier>{4FC737F1-C7A5-4376-A066-2A32D752A2FF}</UniqueIdentifier>
      <Extensions>cpp;c;cc;cxx;def;odl;idl;hpj;bat;asm;asmx</Extensions>
    </Filter>
    <Filter Include="Header Files">
      <UniqueIdentifier>{93995380-89BD-4b04-88EB-625FBE52EBFB}</UniqueIdentifier>
      <Extensions>h;hh;hpp;hxx;hm;inl;inc;ipp;xsd</Extensions>
    </Filter>
    <Filter Include="Resource Files">
      <UniqueIdentifier>{67DA6AB6-F800-4c08-8B7A-83BB121AAD01}</UniqueIdentifier>
      <Extensions>rc;ico;cur;bmp;dlg;rc2;rct;bin;rgs;gif;jpg;jpeg;jpe;resx;tiff;tif;png;wav;mfcribbon-ms</Extensions>
    </Filter>
    <Filter Include="Header Files\Windows Synchronization">
      <UniqueIdentifier>{90e536ce-7e49-4f78-b041-aad997aa99cc}</UniqueIdentifier>
    </Filter>
    <Filter Include="Source Files\Windows Synchronization">
      <UniqueIdentifier>{3ae3dcf6-ba8a-473c-af6a-a2d36d0aabda}</UniqueIdentifier>
    </Filter>
  </ItemGroup>
  <ItemGroup>
    <ClInclude Include="part.h">
      <Filter>Header Files</Filter>
    </ClInclude>
    <ClInclude Include="fs.h">
      <Filter>Header Files</Filter>
    </ClInclude>
    <ClInclude Include="file.h">
      <Filter>Header Files</Filter>
    </ClInclude>
    <ClInclude Include="definitions.h">
      <Filter>Header Files</Filter>
    </ClInclude>
    <ClInclude Include="kernel_fs.h">
      <Filter>Header Files</Filter>
    </ClInclude>
    <ClInclude Include="kernel_file.h">
      <Filter>Header Files</Filter>
    </ClInclude>
    <ClInclude Include="fcb.h">
      <Filter>Header Files</Filter>
    </ClInclude>
    <ClInclude Include="win_mutex.h">
      <Filter>Header Files\Windows Synchronization</Filter>
    </ClInclude>
    <ClInclude Include="win_semaphore.h">
      <Filter>Header Files\Windows Synchronization</Filter>
    </ClInclude>
    <ClInclude Include="win_crit_section.h">
      <Filter>Header Files\Windows Synchronization</Filter>
    </ClInclude>
    <ClInclude Include="win_srw_lock.h">
      <Filter>Header Files\Windows Synchronization</Filter>
    </ClInclude>
    <ClInclude Include="win_cs_cond_variable.h">
      <Filter>Header Files\Windows Synchronization</Filter>
    </ClInclude>
    <ClInclude Include="win_srw_cond_variable.h">
      <Filter>Header Files\Windows Synchronization</Filter>
    </ClInclude>
    <ClInclude Include="cluster_cache.h">
      <Filter>Header Files</Filter>
    </ClInclude>
    <ClInclude Include="memory_manager.h">
      <Filter>Header Files</Filter>
    </ClInclude>
    <ClInclude Include="directory_manager.h">
      <Filter>Header Files</Filter>
    </ClInclude>
  </ItemGroup>
  <ItemGroup>
    <Library Include="particija.lib">
      <Filter>Source Files</Filter>
    </Library>
  </ItemGroup>
  <ItemGroup>
    <ClCompile Include="kernel_fs.cpp">
      <Filter>Source Files</Filter>
    </ClCompile>
    <ClCompile Include="kernel_file.cpp">
      <Filter>Source Files</Filter>
    </ClCompile>
    <ClCompile Include="file_handle.h">
      <Filter>Header Files</Filter>
    </ClCompile>
    <ClCompile Include="win_semaphore.cpp">
      <Filter>Source Files\Windows Synchronization</Filter>
    </ClCompile>
    <ClCompile Include="win_mutex.cpp">
      <Filter>Source Files\Windows Synchronization</Filter>
    </ClCompile>
    <ClCompile Include="win_crit_section.cpp">
      <Filter>Source Files\Windows Synchronization</Filter>
    </ClCompile>
    <ClCompile Include="win_srw_lock.cpp">
      <Filter>Source Files\Windows Synchronization</Filter>
    </ClCompile>
    <ClCompile Include="win_cs_cond_variable.cpp">
      <Filter>Source Files\Windows Synchronization</Filter>
    </ClCompile>
    <ClCompile Include="win_srw_cond_variable.cpp">
      <Filter>Source Files\Windows Synchronization</Filter>
    </ClCompile>
    <ClCompile Include="cluster_cache.cpp">
      <Filter>Source Files</Filter>
    </ClCompile>
    <ClCompile Include="main.cpp">
      <Filter>Source Files</Filter>
    </ClCompile>
    <ClCompile Include="memory_manager.cpp">
      <Filter>Source Files</Filter>
    </ClCompile>
    <ClCompile Include="directory_manager.cpp">
      <Filter>Source Files</Filter>
    </ClCompile>
  </ItemGroup>
  <ItemGroup>
    <None Include="disk1.dat">
      <Filter>Resource Files</Filter>
    </None>
    <None Include="p1.ini">
      <Filter>Resource Files</Filter>
    </None>
  </ItemGroup>
</Project>